lockfileVersion: '9.0'

settings:
  autoInstallPeers: true
  excludeLinksFromLockfile: false

importers:

  .: {}

  packages/periphery:
    devDependencies:
      '@stake-dao/vm-utils':
        specifier: workspace:*
        version: link:../utils
      forge-std:
        specifier: github:foundry-rs/forge-std
        version: https://codeload.github.com/foundry-rs/forge-std/tar.gz/1ce7535a517406b9aec7ea1ea27c1b41376f712c
      solady:
        specifier: github:vectorized/solady
        version: https://codeload.github.com/vectorized/solady/tar.gz/f833eadd4591da7e8e455eab779bf1d918486847

  packages/utils:
    devDependencies:
      forge-std:
        specifier: github:foundry-rs/forge-std
        version: https://codeload.github.com/foundry-rs/forge-std/tar.gz/4d63c978718517fa02d4e330fbe7372dbb06c2f1
      solady:
        specifier: github:vectorized/solady
        version: https://codeload.github.com/vectorized/solady/tar.gz/43f9d49815c8126d92771b26bd9bdbe2dbea87a5

  packages/votemarket:
    devDependencies:
      '@stake-dao/vm-utils':
        specifier: workspace:*
        version: link:../utils
      forge-std:
        specifier: github:foundry-rs/forge-std
        version: https://codeload.github.com/foundry-rs/forge-std/tar.gz/2cbff0602d340503dba9828ab6981053704d1384
      solady:
        specifier: github:vectorized/solady
        version: https://codeload.github.com/vectorized/solady/tar.gz/a95f6714868cfe5d590145f936d0661bddff40d2

packages:

  forge-std@https://codeload.github.com/foundry-rs/forge-std/tar.gz/1ce7535a517406b9aec7ea1ea27c1b41376f712c:
    resolution: {tarball: https://codeload.github.com/foundry-rs/forge-std/tar.gz/1ce7535a517406b9aec7ea1ea27c1b41376f712c}
    version: 1.9.2

  forge-std@https://codeload.github.com/foundry-rs/forge-std/tar.gz/2cbff0602d340503dba9828ab6981053704d1384:
    resolution: {tarball: https://codeload.github.com/foundry-rs/forge-std/tar.gz/2cbff0602d340503dba9828ab6981053704d1384}
    version: 1.9.1

  forge-std@https://codeload.github.com/foundry-rs/forge-std/tar.gz/4d63c978718517fa02d4e330fbe7372dbb06c2f1:
    resolution: {tarball: https://codeload.github.com/foundry-rs/forge-std/tar.gz/4d63c978718517fa02d4e330fbe7372dbb06c2f1}
    version: 1.9.1

  solady@https://codeload.github.com/vectorized/solady/tar.gz/43f9d49815c8126d92771b26bd9bdbe2dbea87a5:
    resolution: {tarball: https://codeload.github.com/vectorized/solady/tar.gz/43f9d49815c8126d92771b26bd9bdbe2dbea87a5}
    version: 0.0.228

  solady@https://codeload.github.com/vectorized/solady/tar.gz/a95f6714868cfe5d590145f936d0661bddff40d2:
    resolution: {tarball: https://codeload.github.com/vectorized/solady/tar.gz/a95f6714868cfe5d590145f936d0661bddff40d2}
    version: 0.0.228

  solady@https://codeload.github.com/vectorized/solady/tar.gz/f833eadd4591da7e8e455eab779bf1d918486847:
    resolution: {tarball: https://codeload.github.com/vectorized/solady/tar.gz/f833eadd4591da7e8e455eab779bf1d918486847}
    version: 0.0.237

snapshots:

  forge-std@https://codeload.github.com/foundry-rs/forge-std/tar.gz/1ce7535a517406b9aec7ea1ea27c1b41376f712c: {}

  forge-std@https://codeload.github.com/foundry-rs/forge-std/tar.gz/2cbff0602d340503dba9828ab6981053704d1384: {}

  forge-std@https://codeload.github.com/foundry-rs/forge-std/tar.gz/4d63c978718517fa02d4e330fbe7372dbb06c2f1: {}

  solady@https://codeload.github.com/vectorized/solady/tar.gz/43f9d49815c8126d92771b26bd9bdbe2dbea87a5: {}

  solady@https://codeload.github.com/vectorized/solady/tar.gz/a95f6714868cfe5d590145f936d0661bddff40d2: {}

  solady@https://codeload.github.com/vectorized/solady/tar.gz/f833eadd4591da7e8e455eab779bf1d918486847: {}
