lockfileVersion: '9.0'

settings:
  autoInstallPeers: true
  excludeLinksFromLockfile: false

importers:

  .: {}

  packages/mock-data:
    devDependencies:
      '@stake-dao/vm-utils':
        specifier: workspace:*
        version: link:../utils
      '@stake-dao/votemarket':
        specifier: workspace:*
        version: link:../votemarket
      forge-std:
        specifier: github:foundry-rs/forge-std
        version: https://codeload.github.com/foundry-rs/forge-std/tar.gz/beb836e33f9a207f4927abb7cd09ad0afe4b3f9f
      solady:
        specifier: github:vectorized/solady
        version: https://codeload.github.com/vectorized/solady/tar.gz/362b2efd20f38aea7252b391e5e016633ff79641

  packages/periphery:
    devDependencies:
      '@stake-dao/vm-utils':
        specifier: workspace:*
        version: link:../utils
      '@stake-dao/votemarket':
        specifier: workspace:*
        version: link:../votemarket
      forge-std:
        specifier: github:foundry-rs/forge-std
        version: https://codeload.github.com/foundry-rs/forge-std/tar.gz/beb836e33f9a207f4927abb7cd09ad0afe4b3f9f
      solady:
        specifier: github:vectorized/solady
        version: https://codeload.github.com/vectorized/solady/tar.gz/362b2efd20f38aea7252b391e5e016633ff79641

  packages/utils:
    devDependencies:
      forge-std:
        specifier: github:foundry-rs/forge-std
        version: https://codeload.github.com/foundry-rs/forge-std/tar.gz/beb836e33f9a207f4927abb7cd09ad0afe4b3f9f
      solady:
        specifier: github:vectorized/solady
        version: https://codeload.github.com/vectorized/solady/tar.gz/362b2efd20f38aea7252b391e5e016633ff79641

  packages/votemarket:
    devDependencies:
      '@stake-dao/vm-utils':
        specifier: workspace:*
        version: link:../utils
      forge-std:
        specifier: github:foundry-rs/forge-std
        version: https://codeload.github.com/foundry-rs/forge-std/tar.gz/beb836e33f9a207f4927abb7cd09ad0afe4b3f9f
      solady:
        specifier: github:vectorized/solady
        version: https://codeload.github.com/vectorized/solady/tar.gz/362b2efd20f38aea7252b391e5e016633ff79641

packages:

  forge-std@https://codeload.github.com/foundry-rs/forge-std/tar.gz/beb836e33f9a207f4927abb7cd09ad0afe4b3f9f:
    resolution: {tarball: https://codeload.github.com/foundry-rs/forge-std/tar.gz/beb836e33f9a207f4927abb7cd09ad0afe4b3f9f}
    version: 1.9.2

  solady@https://codeload.github.com/vectorized/solady/tar.gz/362b2efd20f38aea7252b391e5e016633ff79641:
    resolution: {tarball: https://codeload.github.com/vectorized/solady/tar.gz/362b2efd20f38aea7252b391e5e016633ff79641}
    version: 0.0.243

snapshots:

  forge-std@https://codeload.github.com/foundry-rs/forge-std/tar.gz/beb836e33f9a207f4927abb7cd09ad0afe4b3f9f: {}

  solady@https://codeload.github.com/vectorized/solady/tar.gz/362b2efd20f38aea7252b391e5e016633ff79641: {}
